
Microsoft Visual Studio Solution File, Format Version 12.00
# Visual Studio 15
VisualStudioVersion = 15.0.27428.2037
MinimumVisualStudioVersion = 10.0.40219.1
Project("{9A19103F-16F7-4668-BE54-9A1E7A4F7556}") = "SevenTiny.Cloud.MultiTenantPlatform.Application", "..\10-Code\SevenTiny.Cloud.MultiTenantPlatform.Application\SevenTiny.Cloud.MultiTenantPlatform.Application.csproj", "{295024CB-63E7-4726-9799-72DFBD22EAD5}"
EndProject
Project("{9A19103F-16F7-4668-BE54-9A1E7A4F7556}") = "SevenTiny.Cloud.MultiTenantPlatform.DomainModel", "..\10-Code\SevenTiny.Cloud.MultiTenantPlatform.DomainModel\SevenTiny.Cloud.MultiTenantPlatform.DomainModel.csproj", "{2D1F27E5-C70F-414B-ACB7-19B4568D5C2E}"
EndProject
Project("{9A19103F-16F7-4668-BE54-9A1E7A4F7556}") = "SevenTiny.Cloud.MultiTenantPlatform.Infrastructure", "..\10-Code\SevenTiny.Cloud.MultiTenantPlatform.Infrastructure\SevenTiny.Cloud.MultiTenantPlatform.Infrastructure.csproj", "{D179AFEF-61A6-4FDE-BC9D-67930E428E9E}"
EndProject
Project("{9A19103F-16F7-4668-BE54-9A1E7A4F7556}") = "SevenTiny.Cloud.MultiTenantPlatform.DataApi", "..\10-Code\SevenTiny.Cloud.MultiTenantPlatform.DataApi\SevenTiny.Cloud.MultiTenantPlatform.DataApi.csproj", "{87224BB5-731A-44E8-B725-C7F627C00BB5}"
EndProject
Global
	GlobalSection(SolutionConfigurationPlatforms) = preSolution
		Debug|Any CPU = Debug|Any CPU
		Release|Any CPU = Release|Any CPU
	EndGlobalSection
	GlobalSection(ProjectConfigurationPlatforms) = postSolution
		{295024CB-63E7-4726-9799-72DFBD22EAD5}.Debug|Any CPU.ActiveCfg = Debug|Any CPU
		{295024CB-63E7-4726-9799-72DFBD22EAD5}.Debug|Any CPU.Build.0 = Debug|Any CPU
		{295024CB-63E7-4726-9799-72DFBD22EAD5}.Release|Any CPU.ActiveCfg = Release|Any CPU
		{295024CB-63E7-4726-9799-72DFBD22EAD5}.Release|Any CPU.Build.0 = Release|Any CPU
		{2D1F27E5-C70F-414B-ACB7-19B4568D5C2E}.Debug|Any CPU.ActiveCfg = Debug|Any CPU
		{2D1F27E5-C70F-414B-ACB7-19B4568D5C2E}.Debug|Any CPU.Build.0 = Debug|Any CPU
		{2D1F27E5-C70F-414B-ACB7-19B4568D5C2E}.Release|Any CPU.ActiveCfg = Release|Any CPU
		{2D1F27E5-C70F-414B-ACB7-19B4568D5C2E}.Release|Any CPU.Build.0 = Release|Any CPU
		{D179AFEF-61A6-4FDE-BC9D-67930E428E9E}.Debug|Any CPU.ActiveCfg = Debug|Any CPU
		{D179AFEF-61A6-4FDE-BC9D-67930E428E9E}.Debug|Any CPU.Build.0 = Debug|Any CPU
		{D179AFEF-61A6-4FDE-BC9D-67930E428E9E}.Release|Any CPU.ActiveCfg = Release|Any CPU
		{D179AFEF-61A6-4FDE-BC9D-67930E428E9E}.Release|Any CPU.Build.0 = Release|Any CPU
		{87224BB5-731A-44E8-B725-C7F627C00BB5}.Debug|Any CPU.ActiveCfg = Debug|Any CPU
		{87224BB5-731A-44E8-B725-C7F627C00BB5}.Debug|Any CPU.Build.0 = Debug|Any CPU
		{87224BB5-731A-44E8-B725-C7F627C00BB5}.Release|Any CPU.ActiveCfg = Release|Any CPU
		{87224BB5-731A-44E8-B725-C7F627C00BB5}.Release|Any CPU.Build.0 = Release|Any CPU
	EndGlobalSection
	GlobalSection(SolutionProperties) = preSolution
		HideSolutionNode = FALSE
	EndGlobalSection
	GlobalSection(ExtensibilityGlobals) = postSolution
		SolutionGuid = {3AA9343F-8474-42D8-9DB6-39764C611B03}
	EndGlobalSection
EndGlobal
