
Microsoft Visual Studio Solution File, Format Version 12.00
# Visual Studio Version 16
VisualStudioVersion = 16.0.28803.352
MinimumVisualStudioVersion = 10.0.40219.1
Project("{2150E333-8FDC-42A3-9474-1A3956D46DE8}") = "Test", "Test", "{96B1B369-C366-4046-95BD-478CB3145B74}"
EndProject
Project("{9A19103F-16F7-4668-BE54-9A1E7A4F7556}") = "SevenTiny.Cloud.MultiTenantPlatform.Web", "..\10-Code\SevenTiny.Cloud.MultiTenantPlatform.Web\SevenTiny.Cloud.MultiTenantPlatform.Web.csproj", "{39B607C9-A7CB-46FB-9832-E4ED649149BB}"
EndProject
Project("{9A19103F-16F7-4668-BE54-9A1E7A4F7556}") = "SevenTiny.Cloud.MultiTenantPlatform.DataApi", "..\10-Code\SevenTiny.Cloud.MultiTenantPlatform.DataApi\SevenTiny.Cloud.MultiTenantPlatform.DataApi.csproj", "{95AC3ADD-FF94-4753-930B-B925A3F3F325}"
EndProject
Project("{2150E333-8FDC-42A3-9474-1A3956D46DE8}") = "Presentation", "Presentation", "{C2B695A9-F5A6-4B33-A156-1EE934683EC7}"
EndProject
Project("{9A19103F-16F7-4668-BE54-9A1E7A4F7556}") = "SevenTiny.Cloud.MultiTenantPlatform.Infrastructure", "..\10-Code\SevenTiny.Cloud.MultiTenantPlatform.Infrastructure\SevenTiny.Cloud.MultiTenantPlatform.Infrastructure.csproj", "{087F46A9-1D6C-42E1-99ED-5BB5BAD18FEB}"
EndProject
Project("{9A19103F-16F7-4668-BE54-9A1E7A4F7556}") = "SevenTiny.Cloud.MultiTenantPlatform.TriggerScriptEngine", "..\10-Code\SevenTiny.Cloud.MultiTenantPlatform.TriggerScriptEngine\SevenTiny.Cloud.MultiTenantPlatform.TriggerScriptEngine.csproj", "{968E51C4-8C2E-47CC-B46A-2CEB61C8C1C0}"
EndProject
Project("{9A19103F-16F7-4668-BE54-9A1E7A4F7556}") = "SevenTiny.Cloud.MultiTenantPlatform.Core", "..\10-Code\SevenTiny.Cloud.MultiTenantPlatform.Core\SevenTiny.Cloud.MultiTenantPlatform.Core.csproj", "{FA26B98A-6D41-4E39-873E-79A90692AA66}"
EndProject
Project("{9A19103F-16F7-4668-BE54-9A1E7A4F7556}") = "Test.SevenTiny.Cloud.MultiTenantPlatform.Core", "..\10-Code\Test.SevenTiny.Cloud.MultiTenantPlatform.Core\Test.SevenTiny.Cloud.MultiTenantPlatform.Core.csproj", "{EBA08CD1-F2D2-45CD-B1C2-BAA73CE7885D}"
EndProject
Project("{9A19103F-16F7-4668-BE54-9A1E7A4F7556}") = "Test.SevenTiny.Cloud.MultiTenantPlatform.Infrastructure", "..\10-Code\Test.SevenTiny.Cloud.MultiTenantPlatform.Infrastructure\Test.SevenTiny.Cloud.MultiTenantPlatform.Infrastructure.csproj", "{4F393564-7250-4BA3-86AC-B63AE6A4F619}"
EndProject
Project("{9A19103F-16F7-4668-BE54-9A1E7A4F7556}") = "SevenTiny.Cloud.MultiTenantPlatform.UIModel", "..\10-Code\SevenTiny.Cloud.MultiTenantPlatform.UIModel\SevenTiny.Cloud.MultiTenantPlatform.UIModel.csproj", "{1FBD55AE-9EC1-4052-B85E-384A66EB16B3}"
EndProject
Project("{FAE04EC0-301F-11D3-BF4B-00C04F79EFBC}") = "Seventiny.Cloud.DevelopmentWeb", "..\10-Code\Seventiny.Cloud.DevelopmentWeb\Seventiny.Cloud.DevelopmentWeb.csproj", "{D0688BB0-4659-42AC-A587-75A7AC584D31}"
EndProject
Project("{FAE04EC0-301F-11D3-BF4B-00C04F79EFBC}") = "Seventiny.Cloud.ImplementWeb", "..\10-Code\Seventiny.Cloud.ImplementWeb\Seventiny.Cloud.ImplementWeb.csproj", "{9AD6A7AC-9353-43A9-B10B-561497E4C5EE}"
EndProject
Project("{FAE04EC0-301F-11D3-BF4B-00C04F79EFBC}") = "Seventiny.Cloud.DataApi", "..\10-Code\Seventiny.Cloud.DataApi\Seventiny.Cloud.DataApi.csproj", "{AB11F9F1-12B3-454B-84C4-FF881E06B963}"
EndProject
Global
	GlobalSection(SolutionConfigurationPlatforms) = preSolution
		Debug|Any CPU = Debug|Any CPU
		Release|Any CPU = Release|Any CPU
	EndGlobalSection
	GlobalSection(ProjectConfigurationPlatforms) = postSolution
		{39B607C9-A7CB-46FB-9832-E4ED649149BB}.Debug|Any CPU.ActiveCfg = Debug|Any CPU
		{39B607C9-A7CB-46FB-9832-E4ED649149BB}.Debug|Any CPU.Build.0 = Debug|Any CPU
		{39B607C9-A7CB-46FB-9832-E4ED649149BB}.Release|Any CPU.ActiveCfg = Release|Any CPU
		{39B607C9-A7CB-46FB-9832-E4ED649149BB}.Release|Any CPU.Build.0 = Release|Any CPU
		{95AC3ADD-FF94-4753-930B-B925A3F3F325}.Debug|Any CPU.ActiveCfg = Debug|Any CPU
		{95AC3ADD-FF94-4753-930B-B925A3F3F325}.Debug|Any CPU.Build.0 = Debug|Any CPU
		{95AC3ADD-FF94-4753-930B-B925A3F3F325}.Release|Any CPU.ActiveCfg = Release|Any CPU
		{95AC3ADD-FF94-4753-930B-B925A3F3F325}.Release|Any CPU.Build.0 = Release|Any CPU
		{087F46A9-1D6C-42E1-99ED-5BB5BAD18FEB}.Debug|Any CPU.ActiveCfg = Debug|Any CPU
		{087F46A9-1D6C-42E1-99ED-5BB5BAD18FEB}.Debug|Any CPU.Build.0 = Debug|Any CPU
		{087F46A9-1D6C-42E1-99ED-5BB5BAD18FEB}.Release|Any CPU.ActiveCfg = Release|Any CPU
		{087F46A9-1D6C-42E1-99ED-5BB5BAD18FEB}.Release|Any CPU.Build.0 = Release|Any CPU
		{968E51C4-8C2E-47CC-B46A-2CEB61C8C1C0}.Debug|Any CPU.ActiveCfg = Debug|Any CPU
		{968E51C4-8C2E-47CC-B46A-2CEB61C8C1C0}.Debug|Any CPU.Build.0 = Debug|Any CPU
		{968E51C4-8C2E-47CC-B46A-2CEB61C8C1C0}.Release|Any CPU.ActiveCfg = Release|Any CPU
		{968E51C4-8C2E-47CC-B46A-2CEB61C8C1C0}.Release|Any CPU.Build.0 = Release|Any CPU
		{FA26B98A-6D41-4E39-873E-79A90692AA66}.Debug|Any CPU.ActiveCfg = Debug|Any CPU
		{FA26B98A-6D41-4E39-873E-79A90692AA66}.Debug|Any CPU.Build.0 = Debug|Any CPU
		{FA26B98A-6D41-4E39-873E-79A90692AA66}.Release|Any CPU.ActiveCfg = Release|Any CPU
		{FA26B98A-6D41-4E39-873E-79A90692AA66}.Release|Any CPU.Build.0 = Release|Any CPU
		{EBA08CD1-F2D2-45CD-B1C2-BAA73CE7885D}.Debug|Any CPU.ActiveCfg = Debug|Any CPU
		{EBA08CD1-F2D2-45CD-B1C2-BAA73CE7885D}.Debug|Any CPU.Build.0 = Debug|Any CPU
		{EBA08CD1-F2D2-45CD-B1C2-BAA73CE7885D}.Release|Any CPU.ActiveCfg = Release|Any CPU
		{EBA08CD1-F2D2-45CD-B1C2-BAA73CE7885D}.Release|Any CPU.Build.0 = Release|Any CPU
		{4F393564-7250-4BA3-86AC-B63AE6A4F619}.Debug|Any CPU.ActiveCfg = Debug|Any CPU
		{4F393564-7250-4BA3-86AC-B63AE6A4F619}.Debug|Any CPU.Build.0 = Debug|Any CPU
		{4F393564-7250-4BA3-86AC-B63AE6A4F619}.Release|Any CPU.ActiveCfg = Release|Any CPU
		{4F393564-7250-4BA3-86AC-B63AE6A4F619}.Release|Any CPU.Build.0 = Release|Any CPU
		{1FBD55AE-9EC1-4052-B85E-384A66EB16B3}.Debug|Any CPU.ActiveCfg = Debug|Any CPU
		{1FBD55AE-9EC1-4052-B85E-384A66EB16B3}.Debug|Any CPU.Build.0 = Debug|Any CPU
		{1FBD55AE-9EC1-4052-B85E-384A66EB16B3}.Release|Any CPU.ActiveCfg = Release|Any CPU
		{1FBD55AE-9EC1-4052-B85E-384A66EB16B3}.Release|Any CPU.Build.0 = Release|Any CPU
		{D0688BB0-4659-42AC-A587-75A7AC584D31}.Debug|Any CPU.ActiveCfg = Debug|Any CPU
		{D0688BB0-4659-42AC-A587-75A7AC584D31}.Debug|Any CPU.Build.0 = Debug|Any CPU
		{D0688BB0-4659-42AC-A587-75A7AC584D31}.Release|Any CPU.ActiveCfg = Release|Any CPU
		{D0688BB0-4659-42AC-A587-75A7AC584D31}.Release|Any CPU.Build.0 = Release|Any CPU
		{9AD6A7AC-9353-43A9-B10B-561497E4C5EE}.Debug|Any CPU.ActiveCfg = Debug|Any CPU
		{9AD6A7AC-9353-43A9-B10B-561497E4C5EE}.Debug|Any CPU.Build.0 = Debug|Any CPU
		{9AD6A7AC-9353-43A9-B10B-561497E4C5EE}.Release|Any CPU.ActiveCfg = Release|Any CPU
		{9AD6A7AC-9353-43A9-B10B-561497E4C5EE}.Release|Any CPU.Build.0 = Release|Any CPU
		{AB11F9F1-12B3-454B-84C4-FF881E06B963}.Debug|Any CPU.ActiveCfg = Debug|Any CPU
		{AB11F9F1-12B3-454B-84C4-FF881E06B963}.Debug|Any CPU.Build.0 = Debug|Any CPU
		{AB11F9F1-12B3-454B-84C4-FF881E06B963}.Release|Any CPU.ActiveCfg = Release|Any CPU
		{AB11F9F1-12B3-454B-84C4-FF881E06B963}.Release|Any CPU.Build.0 = Release|Any CPU
	EndGlobalSection
	GlobalSection(SolutionProperties) = preSolution
		HideSolutionNode = FALSE
	EndGlobalSection
	GlobalSection(NestedProjects) = preSolution
		{39B607C9-A7CB-46FB-9832-E4ED649149BB} = {C2B695A9-F5A6-4B33-A156-1EE934683EC7}
		{95AC3ADD-FF94-4753-930B-B925A3F3F325} = {C2B695A9-F5A6-4B33-A156-1EE934683EC7}
		{EBA08CD1-F2D2-45CD-B1C2-BAA73CE7885D} = {96B1B369-C366-4046-95BD-478CB3145B74}
		{4F393564-7250-4BA3-86AC-B63AE6A4F619} = {96B1B369-C366-4046-95BD-478CB3145B74}
		{D0688BB0-4659-42AC-A587-75A7AC584D31} = {C2B695A9-F5A6-4B33-A156-1EE934683EC7}
		{9AD6A7AC-9353-43A9-B10B-561497E4C5EE} = {C2B695A9-F5A6-4B33-A156-1EE934683EC7}
		{AB11F9F1-12B3-454B-84C4-FF881E06B963} = {C2B695A9-F5A6-4B33-A156-1EE934683EC7}
	EndGlobalSection
	GlobalSection(ExtensibilityGlobals) = postSolution
		SolutionGuid = {9275BAE2-A702-407D-B637-BDFE92758D51}
	EndGlobalSection
EndGlobal
