
Microsoft Visual Studio Solution File, Format Version 12.00
# Visual Studio 15
VisualStudioVersion = 15.0.27004.2008
MinimumVisualStudioVersion = 10.0.40219.1
Project("{2150E333-8FDC-42A3-9474-1A3956D46DE8}") = "Test", "Test", "{96B1B369-C366-4046-95BD-478CB3145B74}"
EndProject
Project("{9A19103F-16F7-4668-BE54-9A1E7A4F7556}") = "SevenTiny.Cloud.MultiTenantPlatform.Web", "..\10-Code\SevenTiny.Cloud.MultiTenantPlatform.Web\SevenTiny.Cloud.MultiTenantPlatform.Web.csproj", "{39B607C9-A7CB-46FB-9832-E4ED649149BB}"
EndProject
Project("{9A19103F-16F7-4668-BE54-9A1E7A4F7556}") = "SevenTiny.Cloud.MultiTenantPlatform.DataApi", "..\10-Code\SevenTiny.Cloud.MultiTenantPlatform.DataApi\SevenTiny.Cloud.MultiTenantPlatform.DataApi.csproj", "{95AC3ADD-FF94-4753-930B-B925A3F3F325}"
EndProject
Project("{2150E333-8FDC-42A3-9474-1A3956D46DE8}") = "External", "External", "{B9991632-8907-4071-B5AD-E4F5FEE80504}"
EndProject
Project("{9A19103F-16F7-4668-BE54-9A1E7A4F7556}") = "SevenTiny.Cloud.MultiTenantPlatform.DevOps", "..\10-Code\SevenTiny.Cloud.MultiTenantPlatform.DevOps\SevenTiny.Cloud.MultiTenantPlatform.DevOps.csproj", "{B27D16AB-3364-4B3D-BD18-1619C0D388A2}"
EndProject
Project("{2150E333-8FDC-42A3-9474-1A3956D46DE8}") = "Presentation", "Presentation", "{C2B695A9-F5A6-4B33-A156-1EE934683EC7}"
EndProject
Project("{9A19103F-16F7-4668-BE54-9A1E7A4F7556}") = "Test.ConsoleApp", "..\10-Code\Test.ConsoleApp\Test.ConsoleApp.csproj", "{615D66BF-FA89-472C-B867-0D14D7589CA1}"
EndProject
Project("{9A19103F-16F7-4668-BE54-9A1E7A4F7556}") = "SevenTiny.Cloud.MultiTenantPlatform.Infrastructure", "..\10-Code\SevenTiny.Cloud.MultiTenantPlatform.Infrastructure\SevenTiny.Cloud.MultiTenantPlatform.Infrastructure.csproj", "{087F46A9-1D6C-42E1-99ED-5BB5BAD18FEB}"
EndProject
Project("{9A19103F-16F7-4668-BE54-9A1E7A4F7556}") = "SevenTiny.Cloud.MultiTenantPlatform.DomainModel", "..\10-Code\SevenTiny.Cloud.MultiTenantPlatform.DomainModel\SevenTiny.Cloud.MultiTenantPlatform.DomainModel.csproj", "{323981EE-5E00-4C93-B908-7F3543E2E2A3}"
EndProject
Project("{9A19103F-16F7-4668-BE54-9A1E7A4F7556}") = "SevenTiny.Cloud.MultiTenantPlatform.Application", "..\10-Code\SevenTiny.Cloud.MultiTenantPlatform.Application\SevenTiny.Cloud.MultiTenantPlatform.Application.csproj", "{0F5C21C4-E4DC-4C8F-BC26-C85254C472F1}"
EndProject
Global
	GlobalSection(SolutionConfigurationPlatforms) = preSolution
		Debug|Any CPU = Debug|Any CPU
		Release|Any CPU = Release|Any CPU
	EndGlobalSection
	GlobalSection(ProjectConfigurationPlatforms) = postSolution
		{39B607C9-A7CB-46FB-9832-E4ED649149BB}.Debug|Any CPU.ActiveCfg = Debug|Any CPU
		{39B607C9-A7CB-46FB-9832-E4ED649149BB}.Debug|Any CPU.Build.0 = Debug|Any CPU
		{39B607C9-A7CB-46FB-9832-E4ED649149BB}.Release|Any CPU.ActiveCfg = Release|Any CPU
		{39B607C9-A7CB-46FB-9832-E4ED649149BB}.Release|Any CPU.Build.0 = Release|Any CPU
		{95AC3ADD-FF94-4753-930B-B925A3F3F325}.Debug|Any CPU.ActiveCfg = Debug|Any CPU
		{95AC3ADD-FF94-4753-930B-B925A3F3F325}.Debug|Any CPU.Build.0 = Debug|Any CPU
		{95AC3ADD-FF94-4753-930B-B925A3F3F325}.Release|Any CPU.ActiveCfg = Release|Any CPU
		{95AC3ADD-FF94-4753-930B-B925A3F3F325}.Release|Any CPU.Build.0 = Release|Any CPU
		{B27D16AB-3364-4B3D-BD18-1619C0D388A2}.Debug|Any CPU.ActiveCfg = Debug|Any CPU
		{B27D16AB-3364-4B3D-BD18-1619C0D388A2}.Debug|Any CPU.Build.0 = Debug|Any CPU
		{B27D16AB-3364-4B3D-BD18-1619C0D388A2}.Release|Any CPU.ActiveCfg = Release|Any CPU
		{B27D16AB-3364-4B3D-BD18-1619C0D388A2}.Release|Any CPU.Build.0 = Release|Any CPU
		{615D66BF-FA89-472C-B867-0D14D7589CA1}.Debug|Any CPU.ActiveCfg = Debug|Any CPU
		{615D66BF-FA89-472C-B867-0D14D7589CA1}.Debug|Any CPU.Build.0 = Debug|Any CPU
		{615D66BF-FA89-472C-B867-0D14D7589CA1}.Release|Any CPU.ActiveCfg = Release|Any CPU
		{615D66BF-FA89-472C-B867-0D14D7589CA1}.Release|Any CPU.Build.0 = Release|Any CPU
		{087F46A9-1D6C-42E1-99ED-5BB5BAD18FEB}.Debug|Any CPU.ActiveCfg = Debug|Any CPU
		{087F46A9-1D6C-42E1-99ED-5BB5BAD18FEB}.Debug|Any CPU.Build.0 = Debug|Any CPU
		{087F46A9-1D6C-42E1-99ED-5BB5BAD18FEB}.Release|Any CPU.ActiveCfg = Release|Any CPU
		{087F46A9-1D6C-42E1-99ED-5BB5BAD18FEB}.Release|Any CPU.Build.0 = Release|Any CPU
		{323981EE-5E00-4C93-B908-7F3543E2E2A3}.Debug|Any CPU.ActiveCfg = Debug|Any CPU
		{323981EE-5E00-4C93-B908-7F3543E2E2A3}.Debug|Any CPU.Build.0 = Debug|Any CPU
		{323981EE-5E00-4C93-B908-7F3543E2E2A3}.Release|Any CPU.ActiveCfg = Release|Any CPU
		{323981EE-5E00-4C93-B908-7F3543E2E2A3}.Release|Any CPU.Build.0 = Release|Any CPU
		{0F5C21C4-E4DC-4C8F-BC26-C85254C472F1}.Debug|Any CPU.ActiveCfg = Debug|Any CPU
		{0F5C21C4-E4DC-4C8F-BC26-C85254C472F1}.Debug|Any CPU.Build.0 = Debug|Any CPU
		{0F5C21C4-E4DC-4C8F-BC26-C85254C472F1}.Release|Any CPU.ActiveCfg = Release|Any CPU
		{0F5C21C4-E4DC-4C8F-BC26-C85254C472F1}.Release|Any CPU.Build.0 = Release|Any CPU
	EndGlobalSection
	GlobalSection(SolutionProperties) = preSolution
		HideSolutionNode = FALSE
	EndGlobalSection
	GlobalSection(NestedProjects) = preSolution
		{39B607C9-A7CB-46FB-9832-E4ED649149BB} = {C2B695A9-F5A6-4B33-A156-1EE934683EC7}
		{95AC3ADD-FF94-4753-930B-B925A3F3F325} = {C2B695A9-F5A6-4B33-A156-1EE934683EC7}
		{B27D16AB-3364-4B3D-BD18-1619C0D388A2} = {C2B695A9-F5A6-4B33-A156-1EE934683EC7}
		{615D66BF-FA89-472C-B867-0D14D7589CA1} = {96B1B369-C366-4046-95BD-478CB3145B74}
	EndGlobalSection
	GlobalSection(ExtensibilityGlobals) = postSolution
		SolutionGuid = {9275BAE2-A702-407D-B637-BDFE92758D51}
	EndGlobalSection
EndGlobal
